{
  "name": "epodata",
  "version": "1.0.0",
  "lockfileVersion": 1,
  "requires": true,
  "dependencies": {
    "bignumber.js": {
      "version": "8.0.1",
      "resolved": "https://registry.npmjs.org/bignumber.js/-/bignumber.js-8.0.1.tgz",
      "integrity": "sha512-zAySveTJXkgLYCBi0b14xzfnOs+f3G6x36I8w2a1+PFQpWk/dp0mI0F+ZZK2bu+3ELewDcSyP+Cfq++NcHX7sg=="
    },
    "crypto-js": {
      "version": "3.1.8",
      "resolved": "https://registry.npmjs.org/crypto-js/-/crypto-js-3.1.8.tgz",
      "integrity": "sha1-cV8HC/YBTyrpkqmLOSkli3E/CNU="
    },
    "fs": {
      "version": "0.0.1-security",
      "resolved": "https://registry.npmjs.org/fs/-/fs-0.0.1-security.tgz",
      "integrity": "sha1-invTcYa23d84E/I4WLV+yq9eQdQ="
    },
    "json2xls": {
      "version": "0.1.2",
      "resolved": "https://registry.npmjs.org/json2xls/-/json2xls-0.1.2.tgz",
      "integrity": "sha1-NzWO2CqPyvkrs7JNh1msV+OU4Bc=",
      "requires": {
        "excel-export": "~0.3.11"
      },
      "dependencies": {
        "excel-export": {
          "version": "0.3.11",
          "resolved": "https://registry.npmjs.org/excel-export/-/excel-export-0.3.11.tgz",
          "integrity": "sha1-a/a51lVV6+Pw2uqlcy97aZhqfrQ=",
          "requires": {
            "node-zip": "1.x"
          },
          "dependencies": {
            "node-zip": {
              "version": "1.1.1",
              "resolved": "https://registry.npmjs.org/node-zip/-/node-zip-1.1.1.tgz",
              "integrity": "sha1-lNGtZ0o81GoViN1zb0qaeMdX62I=",
              "requires": {
                "jszip": "2.5.0"
              },
              "dependencies": {
                "jszip": {
                  "version": "2.5.0",
                  "resolved": "https://registry.npmjs.org/jszip/-/jszip-2.5.0.tgz",
                  "integrity": "sha1-dET9hVHd8+XacZj+oMkbyDCMwnQ=",
                  "requires": {
                    "pako": "~0.2.5"
                  },
                  "dependencies": {
                    "pako": {
                      "version": "0.2.8",
                      "resolved": "http://registry.npmjs.org/pako/-/pako-0.2.8.tgz",
                      "integrity": "sha1-Fa13KRU2KRPyDeSooWS0qsxhZdY="
                    }
                  }
                }
              }
            }
          }
        }
      }
    },
    "utf8": {
      "version": "2.1.2",
      "resolved": "http://registry.npmjs.org/utf8/-/utf8-2.1.2.tgz",
      "integrity": "sha1-H6DZJw6b6FDZsFAn9jUZv0ZFfZY="
    },
    "web3": {
      "version": "0.17.0-beta",
      "resolved": "http://registry.npmjs.org/web3/-/web3-0.17.0-beta.tgz",
      "integrity": "sha1-V684JFv/ejIJn3zleA+tW7wA2ls=",
      "requires": {
        "bignumber.js": "git+https://github.com/debris/bignumber.js.git#94d7146671b9719e00a09c29b01a691bc85048c2",
        "crypto-js": "^3.1.4",
        "utf8": "^2.1.1",
        "xmlhttprequest": "*"
      },
      "dependencies": {
        "bignumber.js": {
          "version": "git+https://github.com/debris/bignumber.js.git#94d7146671b9719e00a09c29b01a691bc85048c2",
          "from": "git+https://github.com/debris/bignumber.js.git#94d7146671b9719e00a09c29b01a691bc85048c2"
        }
      }
    },
    "xmlhttprequest": {
      "version": "1.8.0",
      "resolved": "https://registry.npmjs.org/xmlhttprequest/-/xmlhttprequest-1.8.0.tgz",
      "integrity": "sha1-Z/4HXFwk/vOfnWX197f+dRcZaPw="
    }
  }
}
